{
  "pins" : [
    {
      "identity" : "numerics",
      "kind" : "remoteSourceControl",
      "location" : "git@github.com:GreenlightMe/Numerics.git",
      "state" : {
        "revision" : "507a5636b524381df07ecfea6cb30037b029057e",
        "version" : "0.0.2"
      }
    }
  ],
  "version" : 2
}
