{
  "pins" : [
    {
      "identity" : "numerics",
      "kind" : "remoteSourceControl",
      "location" : "git@github.com:GreenlightMe/Numerics.git",
      "state" : {
        "revision" : "507a5636b524381df07ecfea6cb30037b029057e",
        "version" : "0.0.2"
      }
    },
    {
      "identity" : "swift-snapshot-testing",
      "kind" : "remoteSourceControl",
      "location" : "https://github.com/pointfreeco/swift-snapshot-testing",
      "state" : {
        "revision" : "f8a9c997c3c1dab4e216a8ec9014e23144cbab37",
        "version" : "1.9.0"
      }
    }
  ],
  "version" : 2
}
